
Microsoft Visual Studio Solution File, Format Version 12.00
# Visual Studio Version 16
VisualStudioVersion = 16.0.33328.57
MinimumVisualStudioVersion = 10.0.40219.1
Project("{FAE04EC0-301F-11D3-BF4B-00C04F79EFBC}") = "Lab7.1PR", "Lab7.1PR\Lab7.1PR.csproj", "{693D91E0-9F99-4615-8132-1FF70D7102D3}"
EndProject
Global
	GlobalSection(SolutionConfigurationPlatforms) = preSolution
		Debug|Any CPU = Debug|Any CPU
		Release|Any CPU = Release|Any CPU
	EndGlobalSection
	GlobalSection(ProjectConfigurationPlatforms) = postSolution
		{693D91E0-9F99-4615-8132-1FF70D7102D3}.Debug|Any CPU.ActiveCfg = Debug|Any CPU
		{693D91E0-9F99-4615-8132-1FF70D7102D3}.Debug|Any CPU.Build.0 = Debug|Any CPU
		{693D91E0-9F99-4615-8132-1FF70D7102D3}.Release|Any CPU.ActiveCfg = Release|Any CPU
		{693D91E0-9F99-4615-8132-1FF70D7102D3}.Release|Any CPU.Build.0 = Release|Any CPU
	EndGlobalSection
	GlobalSection(SolutionProperties) = preSolution
		HideSolutionNode = FALSE
	EndGlobalSection
	GlobalSection(ExtensibilityGlobals) = postSolution
		SolutionGuid = {76814034-A6E5-4E61-BA3C-EED8832FCAAA}
	EndGlobalSection
EndGlobal
